{
  "nodes": {
    "nixpkgs": {
      "locked": {
        "lastModified": 1752600023,
        "narHash": "sha256-7TY7u5A9+sMAzxD8U48YJTl/Uk9ilyh2G8649OpJzN8=",
        "owner": "NixOS",
        "repo": "nixpkgs",
        "rev": "44edb9645db4dd80fcdc0a060f28580d7b1f6bd2",
        "type": "github"
      },
      "original": {
        "owner": "NixOS",
        "repo": "nixpkgs",
        "rev": "44edb9645db4dd80fcdc0a060f28580d7b1f6bd2",
        "type": "github"
      }
    },
    "nixpkgs-patcher": {
      "locked": {
        "path": "../..",
        "type": "path"
      },
      "original": {
        "path": "../..",
        "type": "path"
      },
      "parent": []
    },
    "root": {
      "inputs": {
        "nixpkgs": "nixpkgs",
        "nixpkgs-patcher": "nixpkgs-patcher"
      }
    }
  },
  "root": "root",
  "version": 7
}
