{
  "nodes": {
    "flake-parts": {
      "inputs": {
        "nixpkgs-lib": "nixpkgs-lib"
      },
      "locked": {
        "lastModified": 1768135262,
        "narHash": "sha256-PVvu7OqHBGWN16zSi6tEmPwwHQ4rLPU9Plvs8/1TUBY=",
        "owner": "hercules-ci",
        "repo": "flake-parts",
        "rev": "80daad04eddbbf5a4d883996a73f3f542fa437ac",
        "type": "github"
      },
      "original": {
        "owner": "hercules-ci",
        "repo": "flake-parts",
        "type": "github"
      }
    },
    "nixpkgs": {
      "locked": {
        "lastModified": 1768166614,
        "narHash": "sha256-DCiadnlE8rULI5Jvp2EbeNqzkqNreVIz6QIXWVjtsNQ=",
        "owner": "nixos",
        "repo": "nixpkgs",
        "rev": "ca89829c2528b98d0eb364d55c61a9c1135eb117",
        "type": "github"
      },
      "original": {
        "owner": "nixos",
        "ref": "master",
        "repo": "nixpkgs",
        "type": "github"
      }
    },
    "nixpkgs-lib": {
      "locked": {
        "lastModified": 1765674936,
        "narHash": "sha256-k00uTP4JNfmejrCLJOwdObYC9jHRrr/5M/a/8L2EIdo=",
        "owner": "nix-community",
        "repo": "nixpkgs.lib",
        "rev": "2075416fcb47225d9b68ac469a5c4801a9c4dd85",
        "type": "github"
      },
      "original": {
        "owner": "nix-community",
        "repo": "nixpkgs.lib",
        "type": "github"
      }
    },
    "nixpkgs-patch-cursor-update": {
      "flake": false,
      "locked": {
        "narHash": "sha256-rHnUKCmeEcZ4TdS14dx+TRhZuP/HHEBligTYDEM9Yb4=",
        "type": "file",
        "url": "https://github.com/NixOS/nixpkgs/pull/479033.diff"
      },
      "original": {
        "type": "file",
        "url": "https://github.com/NixOS/nixpkgs/pull/479033.diff"
      }
    },
    "nixpkgs-patcher": {
      "locked": {
        "lastModified": 1765447685,
        "narHash": "sha256-H2C5UgIo3nkB2aHnvePZxOMn1GeWM3RTXLjBUT1z/I0=",
        "owner": "gepbird",
        "repo": "nixpkgs-patcher",
        "rev": "fd95467b7f4452b95a0eb610fc96af572149c7d9",
        "type": "github"
      },
      "original": {
        "owner": "gepbird",
        "repo": "nixpkgs-patcher",
        "type": "github"
      }
    },
    "root": {
      "inputs": {
        "flake-parts": "flake-parts",
        "nixpkgs": "nixpkgs",
        "nixpkgs-patch-cursor-update": "nixpkgs-patch-cursor-update",
        "nixpkgs-patcher": "nixpkgs-patcher"
      }
    }
  },
  "root": "root",
  "version": 7
}
